
Microsoft Visual Studio Solution File, Format Version 12.00
# Visual Studio Version 16
VisualStudioVersion = 16.0.30225.117
MinimumVisualStudioVersion = 10.0.40219.1
Project("{FAE04EC0-301F-11D3-BF4B-00C04F79EFBC}") = "HumanResources.Web", "HumanResources.Web\HumanResources.Web.csproj", "{29DED1F6-5E4B-43E8-9BD6-4ED6EB1114D5}"
EndProject
Global
	GlobalSection(SolutionConfigurationPlatforms) = preSolution
		Debug|Any CPU = Debug|Any CPU
		Release|Any CPU = Release|Any CPU
	EndGlobalSection
	GlobalSection(ProjectConfigurationPlatforms) = postSolution
		{29DED1F6-5E4B-43E8-9BD6-4ED6EB1114D5}.Debug|Any CPU.ActiveCfg = Debug|Any CPU
		{29DED1F6-5E4B-43E8-9BD6-4ED6EB1114D5}.Debug|Any CPU.Build.0 = Debug|Any CPU
		{29DED1F6-5E4B-43E8-9BD6-4ED6EB1114D5}.Release|Any CPU.ActiveCfg = Release|Any CPU
		{29DED1F6-5E4B-43E8-9BD6-4ED6EB1114D5}.Release|Any CPU.Build.0 = Release|Any CPU
	EndGlobalSection
	GlobalSection(SolutionProperties) = preSolution
		HideSolutionNode = FALSE
	EndGlobalSection
	GlobalSection(ExtensibilityGlobals) = postSolution
		SolutionGuid = {EA269DB5-500A-471F-BC66-E75AA1A38524}
	EndGlobalSection
EndGlobal
